
Microsoft Visual Studio Solution File, Format Version 12.00
# Visual Studio 15
VisualStudioVersion = 15.0.27703.2042
MinimumVisualStudioVersion = 10.0.40219.1
Project("{FAE04EC0-301F-11D3-BF4B-00C04F79EFBC}") = "Api", "Api\Api.csproj", "{7FECAFF2-DB28-41F1-A1BC-BA84BC7F4EF0}"
EndProject
Project("{FAE04EC0-301F-11D3-BF4B-00C04F79EFBC}") = "Client", "Client\Client.csproj", "{63640A2A-0488-4F8A-990F-CEE40CB2FC14}"
EndProject
Global
	GlobalSection(SolutionConfigurationPlatforms) = preSolution
		Debug|Any CPU = Debug|Any CPU
		Release|Any CPU = Release|Any CPU
	EndGlobalSection
	GlobalSection(ProjectConfigurationPlatforms) = postSolution
		{7FECAFF2-DB28-41F1-A1BC-BA84BC7F4EF0}.Debug|Any CPU.ActiveCfg = Debug|Any CPU
		{7FECAFF2-DB28-41F1-A1BC-BA84BC7F4EF0}.Debug|Any CPU.Build.0 = Debug|Any CPU
		{7FECAFF2-DB28-41F1-A1BC-BA84BC7F4EF0}.Release|Any CPU.ActiveCfg = Release|Any CPU
		{7FECAFF2-DB28-41F1-A1BC-BA84BC7F4EF0}.Release|Any CPU.Build.0 = Release|Any CPU
		{63640A2A-0488-4F8A-990F-CEE40CB2FC14}.Debug|Any CPU.ActiveCfg = Debug|Any CPU
		{63640A2A-0488-4F8A-990F-CEE40CB2FC14}.Debug|Any CPU.Build.0 = Debug|Any CPU
		{63640A2A-0488-4F8A-990F-CEE40CB2FC14}.Release|Any CPU.ActiveCfg = Release|Any CPU
		{63640A2A-0488-4F8A-990F-CEE40CB2FC14}.Release|Any CPU.Build.0 = Release|Any CPU
	EndGlobalSection
	GlobalSection(SolutionProperties) = preSolution
		HideSolutionNode = FALSE
	EndGlobalSection
	GlobalSection(ExtensibilityGlobals) = postSolution
		SolutionGuid = {93476A01-8359-4018-8C2E-59F006DE9FE2}
	EndGlobalSection
EndGlobal
